
Microsoft Visual Studio Solution File, Format Version 12.00
# Visual Studio Version 16
VisualStudioVersion = 16.0.30002.166
MinimumVisualStudioVersion = 10.0.40219.1
Project("{FAE04EC0-301F-11D3-BF4B-00C04F79EFBC}") = "SudokuSolver", "SudokuSolver.csproj", "{FCC92A54-07F7-4DC0-B753-3DD3BC6FA1CD}"
EndProject
Global
	GlobalSection(SolutionConfigurationPlatforms) = preSolution
		Debug|Any CPU = Debug|Any CPU
		Release|Any CPU = Release|Any CPU
	EndGlobalSection
	GlobalSection(ProjectConfigurationPlatforms) = postSolution
		{FCC92A54-07F7-4DC0-B753-3DD3BC6FA1CD}.Debug|Any CPU.ActiveCfg = Debug|Any CPU
		{FCC92A54-07F7-4DC0-B753-3DD3BC6FA1CD}.Debug|Any CPU.Build.0 = Debug|Any CPU
		{FCC92A54-07F7-4DC0-B753-3DD3BC6FA1CD}.Release|Any CPU.ActiveCfg = Release|Any CPU
		{FCC92A54-07F7-4DC0-B753-3DD3BC6FA1CD}.Release|Any CPU.Build.0 = Release|Any CPU
	EndGlobalSection
	GlobalSection(SolutionProperties) = preSolution
		HideSolutionNode = FALSE
	EndGlobalSection
	GlobalSection(ExtensibilityGlobals) = postSolution
		SolutionGuid = {4C58F624-3901-4DB0-8BCF-057980F7F467}
	EndGlobalSection
EndGlobal
